lockfileVersion: '6.0'

dependencies:
  '@hookform/resolvers':
    specifier: ^3.1.0
    version: 3.1.0(react-hook-form@7.43.9)
  lodash:
    specifier: ^4.17.21
    version: 4.17.21
  react-hook-form:
    specifier: ^7.43.9
    version: 7.43.9(react@18.2.0)
  zod:
    specifier: ^3.21.4
    version: 3.21.4

devDependencies:
  '@types/lodash':
    specifier: ^4.14.194
    version: 4.14.194
  '@types/node':
    specifier: ^18.16.0
    version: 18.16.0
  '@types/react':
    specifier: ^18.0.38
    version: 18.0.38
  typescript:
    specifier: ^5.0.4
    version: 5.0.4

packages:

  /@hookform/resolvers@3.1.0(react-hook-form@7.43.9):
    resolution: {integrity: sha512-z0A8K+Nxq+f83Whm/ajlwE6VtQlp/yPHZnXw7XWVPIGm1Vx0QV8KThU3BpbBRfAZ7/dYqCKKBNnQh85BkmBKkA==}
    peerDependencies:
      react-hook-form: ^7.0.0
    dependencies:
      react-hook-form: 7.43.9(react@18.2.0)
    dev: false

  /@types/lodash@4.14.194:
    resolution: {integrity: sha512-r22s9tAS7imvBt2lyHC9B8AGwWnXaYb1tY09oyLkXDs4vArpYJzw09nj8MLx5VfciBPGIb+ZwG0ssYnEPJxn/g==}
    dev: true

  /@types/node@18.16.0:
    resolution: {integrity: sha512-BsAaKhB+7X+H4GnSjGhJG9Qi8Tw+inU9nJDwmD5CgOmBLEI6ArdhikpLX7DjbjDRDTbqZzU2LSQNZg8WGPiSZQ==}
    dev: true

  /@types/prop-types@15.7.5:
    resolution: {integrity: sha512-JCB8C6SnDoQf0cNycqd/35A7MjcnK+ZTqE7judS6o7utxUCg6imJg3QK2qzHKszlTjcj2cn+NwMB2i96ubpj7w==}
    dev: true

  /@types/react@18.0.38:
    resolution: {integrity: sha512-ExsidLLSzYj4cvaQjGnQCk4HFfVT9+EZ9XZsQ8Hsrcn8QNgXtpZ3m9vSIC2MWtx7jHictK6wYhQgGh6ic58oOw==}
    dependencies:
      '@types/prop-types': 15.7.5
      '@types/scheduler': 0.16.3
      csstype: 3.1.2
    dev: true

  /@types/scheduler@0.16.3:
    resolution: {integrity: sha512-5cJ8CB4yAx7BH1oMvdU0Jh9lrEXyPkar6F9G/ERswkCuvP4KQZfZkSjcMbAICCpQTN4OuZn8tz0HiKv9TGZgrQ==}
    dev: true

  /csstype@3.1.2:
    resolution: {integrity: sha512-I7K1Uu0MBPzaFKg4nI5Q7Vs2t+3gWWW648spaF+Rg7pI9ds18Ugn+lvg4SHczUdKlHI5LWBXyqfS8+DufyBsgQ==}
    dev: true

  /js-tokens@4.0.0:
    resolution: {integrity: sha512-RdJUflcE3cUzKiMqQgsCu06FPu9UdIJO0beYbPhHN4k6apgJtifcoCtT9bcxOpYBtpD2kCM6Sbzg4CausW/PKQ==}
    dev: false

  /lodash@4.17.21:
    resolution: {integrity: sha512-v2kDEe57lecTulaDIuNTPy3Ry4gLGJ6Z1O3vE1krgXZNrsQ+LFTGHVxVjcXPs17LhbZVGedAJv8XZ1tvj5FvSg==}
    dev: false

  /loose-envify@1.4.0:
    resolution: {integrity: sha512-lyuxPGr/Wfhrlem2CL/UcnUc1zcqKAImBDzukY7Y5F/yQiNdko6+fRLevlw1HgMySw7f611UIY408EtxRSoK3Q==}
    hasBin: true
    dependencies:
      js-tokens: 4.0.0
    dev: false

  /react-hook-form@7.43.9(react@18.2.0):
    resolution: {integrity: sha512-AUDN3Pz2NSeoxQ7Hs6OhQhDr6gtF9YRuutGDwPQqhSUAHJSgGl2VeY3qN19MG0SucpjgDiuMJ4iC5T5uB+eaNQ==}
    engines: {node: '>=12.22.0'}
    peerDependencies:
      react: ^16.8.0 || ^17 || ^18
    dependencies:
      react: 18.2.0
    dev: false

  /react@18.2.0:
    resolution: {integrity: sha512-/3IjMdb2L9QbBdWiW5e3P2/npwMBaU9mHCSCUzNln0ZCYbcfTsGbTJrU/kGemdH2IWmB2ioZ+zkxtmq6g09fGQ==}
    engines: {node: '>=0.10.0'}
    dependencies:
      loose-envify: 1.4.0
    dev: false

  /typescript@5.0.4:
    resolution: {integrity: sha512-cW9T5W9xY37cc+jfEnaUvX91foxtHkza3Nw3wkoF4sSlKn0MONdkdEndig/qPBWXNkmplh3NzayQzCiHM4/hqw==}
    engines: {node: '>=12.20'}
    hasBin: true
    dev: true

  /zod@3.21.4:
    resolution: {integrity: sha512-m46AKbrzKVzOzs/DZgVnG5H55N1sv1M8qZU3A8RIKbs3mrACDNeIOeilDymVb2HdmP8uwshOCF4uJ8uM9rCqJw==}
    dev: false
